
Microsoft Visual Studio Solution File, Format Version 12.00
# Visual Studio Version 17
VisualStudioVersion = 17.12.35527.113
MinimumVisualStudioVersion = 10.0.40219.1
Project("{FAE04EC0-301F-11D3-BF4B-00C04F79EFBC}") = "task2", "lab1\task2.csproj", "{AFE1C7C0-CF84-4334-B3D7-CE704A64CA45}"
EndProject
Project("{FAE04EC0-301F-11D3-BF4B-00C04F79EFBC}") = "task1", "task1\task1\task1.csproj", "{64BCC7B6-046C-45CD-BF7C-BC8F8E30AD6A}"
EndProject
Global
	GlobalSection(SolutionConfigurationPlatforms) = preSolution
		Debug|Any CPU = Debug|Any CPU
		Release|Any CPU = Release|Any CPU
	EndGlobalSection
	GlobalSection(ProjectConfigurationPlatforms) = postSolution
		{AFE1C7C0-CF84-4334-B3D7-CE704A64CA45}.Debug|Any CPU.ActiveCfg = Debug|Any CPU
		{AFE1C7C0-CF84-4334-B3D7-CE704A64CA45}.Debug|Any CPU.Build.0 = Debug|Any CPU
		{AFE1C7C0-CF84-4334-B3D7-CE704A64CA45}.Release|Any CPU.ActiveCfg = Release|Any CPU
		{AFE1C7C0-CF84-4334-B3D7-CE704A64CA45}.Release|Any CPU.Build.0 = Release|Any CPU
		{64BCC7B6-046C-45CD-BF7C-BC8F8E30AD6A}.Debug|Any CPU.ActiveCfg = Debug|Any CPU
		{64BCC7B6-046C-45CD-BF7C-BC8F8E30AD6A}.Debug|Any CPU.Build.0 = Debug|Any CPU
		{64BCC7B6-046C-45CD-BF7C-BC8F8E30AD6A}.Release|Any CPU.ActiveCfg = Release|Any CPU
		{64BCC7B6-046C-45CD-BF7C-BC8F8E30AD6A}.Release|Any CPU.Build.0 = Release|Any CPU
	EndGlobalSection
	GlobalSection(SolutionProperties) = preSolution
		HideSolutionNode = FALSE
	EndGlobalSection
EndGlobal
