
Microsoft Visual Studio Solution File, Format Version 12.00
# Visual Studio Version 17
VisualStudioVersion = 17.12.35527.113
MinimumVisualStudioVersion = 10.0.40219.1
Project("{FAE04EC0-301F-11D3-BF4B-00C04F79EFBC}") = "task2", "..\task2\task2\task2.csproj", "{8AF87B83-7E92-4967-A8FD-B0E9E23796EB}"
EndProject
Project("{2150E333-8FDC-42A3-9474-1A3956D46DE8}") = "Solution Items", "Solution Items", "{98002D56-2B24-4932-BD18-F72FBAD7D4D0}"
	ProjectSection(SolutionItems) = preProject
		.editorconfig = .editorconfig
	EndProjectSection
EndProject
Project("{FAE04EC0-301F-11D3-BF4B-00C04F79EFBC}") = "task3", "task3\task3.csproj", "{3FAD27B9-AD16-4131-8462-B75B77EBC813}"
EndProject
Project("{FAE04EC0-301F-11D3-BF4B-00C04F79EFBC}") = "task1", "..\task1\task1\task1.csproj", "{AB7818EE-4C0E-48E7-A214-B1B190CDBB63}"
EndProject
Global
	GlobalSection(SolutionConfigurationPlatforms) = preSolution
		Debug|Any CPU = Debug|Any CPU
		Release|Any CPU = Release|Any CPU
	EndGlobalSection
	GlobalSection(ProjectConfigurationPlatforms) = postSolution
		{8AF87B83-7E92-4967-A8FD-B0E9E23796EB}.Debug|Any CPU.ActiveCfg = Debug|Any CPU
		{8AF87B83-7E92-4967-A8FD-B0E9E23796EB}.Debug|Any CPU.Build.0 = Debug|Any CPU
		{8AF87B83-7E92-4967-A8FD-B0E9E23796EB}.Release|Any CPU.ActiveCfg = Release|Any CPU
		{8AF87B83-7E92-4967-A8FD-B0E9E23796EB}.Release|Any CPU.Build.0 = Release|Any CPU
		{3FAD27B9-AD16-4131-8462-B75B77EBC813}.Debug|Any CPU.ActiveCfg = Debug|Any CPU
		{3FAD27B9-AD16-4131-8462-B75B77EBC813}.Debug|Any CPU.Build.0 = Debug|Any CPU
		{3FAD27B9-AD16-4131-8462-B75B77EBC813}.Release|Any CPU.ActiveCfg = Release|Any CPU
		{3FAD27B9-AD16-4131-8462-B75B77EBC813}.Release|Any CPU.Build.0 = Release|Any CPU
		{AB7818EE-4C0E-48E7-A214-B1B190CDBB63}.Debug|Any CPU.ActiveCfg = Debug|Any CPU
		{AB7818EE-4C0E-48E7-A214-B1B190CDBB63}.Debug|Any CPU.Build.0 = Debug|Any CPU
		{AB7818EE-4C0E-48E7-A214-B1B190CDBB63}.Release|Any CPU.ActiveCfg = Release|Any CPU
		{AB7818EE-4C0E-48E7-A214-B1B190CDBB63}.Release|Any CPU.Build.0 = Release|Any CPU
	EndGlobalSection
	GlobalSection(SolutionProperties) = preSolution
		HideSolutionNode = FALSE
	EndGlobalSection
EndGlobal
